
Microsoft Visual Studio Solution File, Format Version 11.00
# Visual Studio 2010
Project("{FAE04EC0-301F-11D3-BF4B-00C04F79EFBC}") = "MSBuildProjectWeb", "MSBuildProjectWeb\MSBuildProjectWeb.csproj", "{517607F0-37F6-4F76-8A0A-4ED8F0E93988}"
EndProject
Project("{FAE04EC0-301F-11D3-BF4B-00C04F79EFBC}") = "MSBuildProjectClass", "MSBuildProjectClass\MSBuildProjectClass.csproj", "{545BA9BF-828C-4814-ACB1-EA644B0466D0}"
EndProject
Project("{FAE04EC0-301F-11D3-BF4B-00C04F79EFBC}") = "MSBuildProjectTest", "MSBuildProjectTest\MSBuildProjectTest.csproj", "{892A4EC2-38CB-45DB-8DE9-EB64C099CEB9}"
EndProject
Project("{2150E333-8FDC-42A3-9474-1A3956D46DE8}") = "Solution Items", "Solution Items", "{4CEC68FC-527E-4E69-96B9-04E2176B9FF8}"
	ProjectSection(SolutionItems) = preProject
		build.xml = build.xml
		Project.FxCop = Project.FxCop
		Project.ndproj = Project.ndproj
		Settings.StyleCop = Settings.StyleCop
	EndProjectSection
EndProject
Global
	GlobalSection(SolutionConfigurationPlatforms) = preSolution
		Debug|Any CPU = Debug|Any CPU
		Release|Any CPU = Release|Any CPU
	EndGlobalSection
	GlobalSection(ProjectConfigurationPlatforms) = postSolution
		{517607F0-37F6-4F76-8A0A-4ED8F0E93988}.Debug|Any CPU.ActiveCfg = Debug|Any CPU
		{517607F0-37F6-4F76-8A0A-4ED8F0E93988}.Debug|Any CPU.Build.0 = Debug|Any CPU
		{517607F0-37F6-4F76-8A0A-4ED8F0E93988}.Release|Any CPU.ActiveCfg = Release|Any CPU
		{517607F0-37F6-4F76-8A0A-4ED8F0E93988}.Release|Any CPU.Build.0 = Release|Any CPU
		{545BA9BF-828C-4814-ACB1-EA644B0466D0}.Debug|Any CPU.ActiveCfg = Debug|Any CPU
		{545BA9BF-828C-4814-ACB1-EA644B0466D0}.Debug|Any CPU.Build.0 = Debug|Any CPU
		{545BA9BF-828C-4814-ACB1-EA644B0466D0}.Release|Any CPU.ActiveCfg = Release|Any CPU
		{545BA9BF-828C-4814-ACB1-EA644B0466D0}.Release|Any CPU.Build.0 = Release|Any CPU
		{892A4EC2-38CB-45DB-8DE9-EB64C099CEB9}.Debug|Any CPU.ActiveCfg = Debug|Any CPU
		{892A4EC2-38CB-45DB-8DE9-EB64C099CEB9}.Debug|Any CPU.Build.0 = Debug|Any CPU
		{892A4EC2-38CB-45DB-8DE9-EB64C099CEB9}.Release|Any CPU.ActiveCfg = Release|Any CPU
		{892A4EC2-38CB-45DB-8DE9-EB64C099CEB9}.Release|Any CPU.Build.0 = Release|Any CPU
	EndGlobalSection
	GlobalSection(SolutionProperties) = preSolution
		HideSolutionNode = FALSE
	EndGlobalSection
EndGlobal
